
Microsoft Visual Studio Solution File, Format Version 12.00
# Visual Studio 15
VisualStudioVersion = 15.0.26430.6
MinimumVisualStudioVersion = 10.0.40219.1
Project("{FAE04EC0-301F-11D3-BF4B-00C04F79EFBC}") = "Odwracanie tablic (metody)", "Odwracanie tablic (metody)\Odwracanie tablic (metody).csproj", "{898DEC16-66E6-495F-9718-A52F711DE3DF}"
EndProject
Global
	GlobalSection(SolutionConfigurationPlatforms) = preSolution
		Debug|Any CPU = Debug|Any CPU
		Release|Any CPU = Release|Any CPU
	EndGlobalSection
	GlobalSection(ProjectConfigurationPlatforms) = postSolution
		{898DEC16-66E6-495F-9718-A52F711DE3DF}.Debug|Any CPU.ActiveCfg = Debug|Any CPU
		{898DEC16-66E6-495F-9718-A52F711DE3DF}.Debug|Any CPU.Build.0 = Debug|Any CPU
		{898DEC16-66E6-495F-9718-A52F711DE3DF}.Release|Any CPU.ActiveCfg = Release|Any CPU
		{898DEC16-66E6-495F-9718-A52F711DE3DF}.Release|Any CPU.Build.0 = Release|Any CPU
	EndGlobalSection
	GlobalSection(SolutionProperties) = preSolution
		HideSolutionNode = FALSE
	EndGlobalSection
EndGlobal
